
Microsoft Visual Studio Solution File, Format Version 12.00
# Visual Studio Version 16
VisualStudioVersion = 16.0.30804.86
MinimumVisualStudioVersion = 10.0.40219.1
Project("{FAE04EC0-301F-11D3-BF4B-00C04F79EFBC}") = "BinarySearch", "BinarySearch.csproj", "{3B69180C-B26C-43F3-A0FC-982B34145C48}"
EndProject
Project("{FAE04EC0-301F-11D3-BF4B-00C04F79EFBC}") = "BinarySearchTests", "..\BinarySearchTests\BinarySearchTests.csproj", "{4758698B-A679-4F5A-8AC9-21B13D4951E8}"
EndProject
Global
	GlobalSection(SolutionConfigurationPlatforms) = preSolution
		Debug|Any CPU = Debug|Any CPU
		Release|Any CPU = Release|Any CPU
	EndGlobalSection
	GlobalSection(ProjectConfigurationPlatforms) = postSolution
		{3B69180C-B26C-43F3-A0FC-982B34145C48}.Debug|Any CPU.ActiveCfg = Debug|Any CPU
		{3B69180C-B26C-43F3-A0FC-982B34145C48}.Debug|Any CPU.Build.0 = Debug|Any CPU
		{3B69180C-B26C-43F3-A0FC-982B34145C48}.Release|Any CPU.ActiveCfg = Release|Any CPU
		{3B69180C-B26C-43F3-A0FC-982B34145C48}.Release|Any CPU.Build.0 = Release|Any CPU
		{4758698B-A679-4F5A-8AC9-21B13D4951E8}.Debug|Any CPU.ActiveCfg = Debug|Any CPU
		{4758698B-A679-4F5A-8AC9-21B13D4951E8}.Debug|Any CPU.Build.0 = Debug|Any CPU
		{4758698B-A679-4F5A-8AC9-21B13D4951E8}.Release|Any CPU.ActiveCfg = Release|Any CPU
		{4758698B-A679-4F5A-8AC9-21B13D4951E8}.Release|Any CPU.Build.0 = Release|Any CPU
	EndGlobalSection
	GlobalSection(SolutionProperties) = preSolution
		HideSolutionNode = FALSE
	EndGlobalSection
	GlobalSection(ExtensibilityGlobals) = postSolution
		SolutionGuid = {24268D44-DE65-403D-8370-CCA3271F3ECF}
	EndGlobalSection
EndGlobal
